// !$*UTF8*$!
{
	archiveVersion = 1;
	classes = {
	};
	objectVersion = 50;
	objects = {

/* Begin PBXBuildFile section */
		0C100F2A251CC53400AD8F34 /* FormatUtil.swift in Sources */ = {isa = PBXBuildFile; fileRef = 0C100F29251CC53400AD8F34 /* FormatUtil.swift */; };
		0C22E7642512A05C000773FD /* GlobalFlow.swift in Sources */ = {isa = PBXBuildFile; fileRef = 0C22E7632512A05C000773FD /* GlobalFlow.swift */; };
		0C22E7662512A072000773FD /* GlobalProtocol.swift in Sources */ = {isa = PBXBuildFile; fileRef = 0C22E7652512A072000773FD /* GlobalProtocol.swift */; };
		0C22E7682512A093000773FD /* GlobalBuilder.swift in Sources */ = {isa = PBXBuildFile; fileRef = 0C22E7672512A093000773FD /* GlobalBuilder.swift */; };
		0C22E76A2512A2B7000773FD /* GlobalInteractor.swift in Sources */ = {isa = PBXBuildFile; fileRef = 0C22E7692512A2B7000773FD /* GlobalInteractor.swift */; };
		0C22E76C2512A344000773FD /* GlobalPresenter.swift in Sources */ = {isa = PBXBuildFile; fileRef = 0C22E76B2512A344000773FD /* GlobalPresenter.swift */; };
		0C22E76E2512A44B000773FD /* GlobalViewController.swift in Sources */ = {isa = PBXBuildFile; fileRef = 0C22E76D2512A44B000773FD /* GlobalViewController.swift */; };
		0C22E7702512A51E000773FD /* Global.storyboard in Resources */ = {isa = PBXBuildFile; fileRef = 0C22E76F2512A51E000773FD /* Global.storyboard */; };
		0C22E7732512A609000773FD /* GlobalCell.swift in Sources */ = {isa = PBXBuildFile; fileRef = 0C22E7722512A609000773FD /* GlobalCell.swift */; };
		0C22E7752512A674000773FD /* GlobalCell.xib in Resources */ = {isa = PBXBuildFile; fileRef = 0C22E7742512A674000773FD /* GlobalCell.xib */; };
		0C22E7792512AA8E000773FD /* GlobalTableViewDelegate.swift in Sources */ = {isa = PBXBuildFile; fileRef = 0C22E7782512AA8E000773FD /* GlobalTableViewDelegate.swift */; };
		0C59AE5A2518F0C900127770 /* CountriesFlow.swift in Sources */ = {isa = PBXBuildFile; fileRef = 0C59AE4B2518F0C900127770 /* CountriesFlow.swift */; };
		0C59AE5B2518F0C900127770 /* CountriesPresenter.swift in Sources */ = {isa = PBXBuildFile; fileRef = 0C59AE4D2518F0C900127770 /* CountriesPresenter.swift */; };
		0C59AE5C2518F0C900127770 /* CountriesProtocol.swift in Sources */ = {isa = PBXBuildFile; fileRef = 0C59AE4E2518F0C900127770 /* CountriesProtocol.swift */; };
		0C59AE5D2518F0C900127770 /* CountriesTableViewDelegate.swift in Sources */ = {isa = PBXBuildFile; fileRef = 0C59AE502518F0C900127770 /* CountriesTableViewDelegate.swift */; };
		0C59AE5E2518F0C900127770 /* CountriesViewController.swift in Sources */ = {isa = PBXBuildFile; fileRef = 0C59AE512518F0C900127770 /* CountriesViewController.swift */; };
		0C59AE5F2518F0C900127770 /* CountryCell.xib in Resources */ = {isa = PBXBuildFile; fileRef = 0C59AE532518F0C900127770 /* CountryCell.xib */; };
		0C59AE602518F0C900127770 /* CountryCell.swift in Sources */ = {isa = PBXBuildFile; fileRef = 0C59AE542518F0C900127770 /* CountryCell.swift */; };
		0C59AE612518F0C900127770 /* Countries.storyboard in Resources */ = {isa = PBXBuildFile; fileRef = 0C59AE552518F0C900127770 /* Countries.storyboard */; };
		0C59AE622518F0C900127770 /* CountriesInteractor.swift in Sources */ = {isa = PBXBuildFile; fileRef = 0C59AE572518F0C900127770 /* CountriesInteractor.swift */; };
		0C59AE632518F0C900127770 /* CountriesBuilder.swift in Sources */ = {isa = PBXBuildFile; fileRef = 0C59AE592518F0C900127770 /* CountriesBuilder.swift */; };
		0C6707B2252205B200156C29 /* GlobalInteractorTest.swift in Sources */ = {isa = PBXBuildFile; fileRef = 0C6707B1252205B200156C29 /* GlobalInteractorTest.swift */; };
		0C6707B8252205C600156C29 /* GlobalPresenterTest.swift in Sources */ = {isa = PBXBuildFile; fileRef = 0C6707B7252205C600156C29 /* GlobalPresenterTest.swift */; };
		0C6707BC252205DC00156C29 /* GlobalViewControllerTest.swift in Sources */ = {isa = PBXBuildFile; fileRef = 0C6707BB252205DC00156C29 /* GlobalViewControllerTest.swift */; };
		0C6707C72522084400156C29 /* GlobalInteractorProtocolSpy.swift in Sources */ = {isa = PBXBuildFile; fileRef = 0C6707C62522084400156C29 /* GlobalInteractorProtocolSpy.swift */; };
		0C6707CB2522116800156C29 /* TableViewSpy.swift in Sources */ = {isa = PBXBuildFile; fileRef = 0C6707CA2522116800156C29 /* TableViewSpy.swift */; };
		0CA394AB251225D00083897E /* AppDelegate.swift in Sources */ = {isa = PBXBuildFile; fileRef = 0CA394AA251225D00083897E /* AppDelegate.swift */; };
		0CA394AD251225D00083897E /* SceneDelegate.swift in Sources */ = {isa = PBXBuildFile; fileRef = 0CA394AC251225D00083897E /* SceneDelegate.swift */; };
		0CA394B4251225D20083897E /* Assets.xcassets in Resources */ = {isa = PBXBuildFile; fileRef = 0CA394B3251225D20083897E /* Assets.xcassets */; };
		0CA394B7251225D20083897E /* LaunchScreen.storyboard in Resources */ = {isa = PBXBuildFile; fileRef = 0CA394B5251225D20083897E /* LaunchScreen.storyboard */; };
		0CA394D125122A230083897E /* Endpoint.swift in Sources */ = {isa = PBXBuildFile; fileRef = 0CA394C825122A230083897E /* Endpoint.swift */; };
		0CA394D225122A230083897E /* UrlBuilder.swift in Sources */ = {isa = PBXBuildFile; fileRef = 0CA394C925122A230083897E /* UrlBuilder.swift */; };
		0CA394D325122A230083897E /* APIClient.swift in Sources */ = {isa = PBXBuildFile; fileRef = 0CA394CA25122A230083897E /* APIClient.swift */; };
		0CA394D425122A230083897E /* APIRequest.swift in Sources */ = {isa = PBXBuildFile; fileRef = 0CA394CB25122A230083897E /* APIRequest.swift */; };
		0CA394D525122A230083897E /* CommonError.swift in Sources */ = {isa = PBXBuildFile; fileRef = 0CA394CC25122A230083897E /* CommonError.swift */; };
		0CA394D625122A230083897E /* RequestExecutor.swift in Sources */ = {isa = PBXBuildFile; fileRef = 0CA394CD25122A230083897E /* RequestExecutor.swift */; };
		0CA394D725122A230083897E /* HTTPMethod.swift in Sources */ = {isa = PBXBuildFile; fileRef = 0CA394CE25122A230083897E /* HTTPMethod.swift */; };
		0CA394DE25123C070083897E /* MainBuilder.swift in Sources */ = {isa = PBXBuildFile; fileRef = 0CA394DD25123C070083897E /* MainBuilder.swift */; };
		0CA394E025123C2E0083897E /* ModuleBuilder.swift in Sources */ = {isa = PBXBuildFile; fileRef = 0CA394DF25123C2E0083897E /* ModuleBuilder.swift */; };
		0CA394E325123C5A0083897E /* MainTabBarViewController.swift in Sources */ = {isa = PBXBuildFile; fileRef = 0CA394E225123C5A0083897E /* MainTabBarViewController.swift */; };
		0CA394E5251245280083897E /* CaseModel.swift in Sources */ = {isa = PBXBuildFile; fileRef = 0CA394E4251245280083897E /* CaseModel.swift */; };
		0CA394E7251247B50083897E /* GlobalCasesModel.swift in Sources */ = {isa = PBXBuildFile; fileRef = 0CA394E6251247B50083897E /* GlobalCasesModel.swift */; };
		0CA394EA251248810083897E /* CaseService.swift in Sources */ = {isa = PBXBuildFile; fileRef = 0CA394E9251248810083897E /* CaseService.swift */; };
		0CA394EC25124A0B0083897E /* AllCasesRequest.swift in Sources */ = {isa = PBXBuildFile; fileRef = 0CA394EB25124A0B0083897E /* AllCasesRequest.swift */; };
		0CA394EE25124C900083897E /* CountiesCasesRequest.swift in Sources */ = {isa = PBXBuildFile; fileRef = 0CA394ED25124C900083897E /* CountiesCasesRequest.swift */; };
		0CC832A82513AD9500DE4F74 /* UIViewController+Extensions.swift in Sources */ = {isa = PBXBuildFile; fileRef = 0CC832A72513AD9500DE4F74 /* UIViewController+Extensions.swift */; };
		0CC832AA2513AE1300DE4F74 /* BaseViewController.swift in Sources */ = {isa = PBXBuildFile; fileRef = 0CC832A92513AE1300DE4F74 /* BaseViewController.swift */; };
		0CC832AF2513AE8100DE4F74 /* LoadingViewController.swift in Sources */ = {isa = PBXBuildFile; fileRef = 0CC832AE2513AE8100DE4F74 /* LoadingViewController.swift */; };
		0CC832B12513AEA100DE4F74 /* LoadingBuilder.swift in Sources */ = {isa = PBXBuildFile; fileRef = 0CC832B02513AEA100DE4F74 /* LoadingBuilder.swift */; };
		0CD9F8862520CA22004DB703 /* XCTestCase.swift in Sources */ = {isa = PBXBuildFile; fileRef = 0CD9F8852520CA22004DB703 /* XCTestCase.swift */; };
		0CD9F88C2520CACC004DB703 /* globalcase.json in Resources */ = {isa = PBXBuildFile; fileRef = 0CD9F88B2520CACC004DB703 /* globalcase.json */; };
		0CD9F8902520CB14004DB703 /* GlobalModelCaseTests.swift in Sources */ = {isa = PBXBuildFile; fileRef = 0CD9F88F2520CB14004DB703 /* GlobalModelCaseTests.swift */; };
/* End PBXBuildFile section */

/* Begin PBXContainerItemProxy section */
		0CD9F8782520C99B004DB703 /* PBXContainerItemProxy */ = {
			isa = PBXContainerItemProxy;
			containerPortal = 0CA3949F251225D00083897E /* Project object */;
			proxyType = 1;
			remoteGlobalIDString = 0CA394A6251225D00083897E;
			remoteInfo = Covid19App;
		};
/* End PBXContainerItemProxy section */

/* Begin PBXFileReference section */
		0C100F29251CC53400AD8F34 /* FormatUtil.swift */ = {isa = PBXFileReference; lastKnownFileType = sourcecode.swift; path = FormatUtil.swift; sourceTree = "<group>"; };
		0C22E7632512A05C000773FD /* GlobalFlow.swift */ = {isa = PBXFileReference; lastKnownFileType = sourcecode.swift; path = GlobalFlow.swift; sourceTree = "<group>"; };
		0C22E7652512A072000773FD /* GlobalProtocol.swift */ = {isa = PBXFileReference; lastKnownFileType = sourcecode.swift; path = GlobalProtocol.swift; sourceTree = "<group>"; };
		0C22E7672512A093000773FD /* GlobalBuilder.swift */ = {isa = PBXFileReference; lastKnownFileType = sourcecode.swift; path = GlobalBuilder.swift; sourceTree = "<group>"; };
		0C22E7692512A2B7000773FD /* GlobalInteractor.swift */ = {isa = PBXFileReference; lastKnownFileType = sourcecode.swift; path = GlobalInteractor.swift; sourceTree = "<group>"; };
		0C22E76B2512A344000773FD /* GlobalPresenter.swift */ = {isa = PBXFileReference; lastKnownFileType = sourcecode.swift; path = GlobalPresenter.swift; sourceTree = "<group>"; };
		0C22E76D2512A44B000773FD /* GlobalViewController.swift */ = {isa = PBXFileReference; lastKnownFileType = sourcecode.swift; path = GlobalViewController.swift; sourceTree = "<group>"; };
		0C22E76F2512A51E000773FD /* Global.storyboard */ = {isa = PBXFileReference; lastKnownFileType = file.storyboard; path = Global.storyboard; sourceTree = "<group>"; };
		0C22E7722512A609000773FD /* GlobalCell.swift */ = {isa = PBXFileReference; lastKnownFileType = sourcecode.swift; path = GlobalCell.swift; sourceTree = "<group>"; };
		0C22E7742512A674000773FD /* GlobalCell.xib */ = {isa = PBXFileReference; lastKnownFileType = file.xib; path = GlobalCell.xib; sourceTree = "<group>"; };
		0C22E7782512AA8E000773FD /* GlobalTableViewDelegate.swift */ = {isa = PBXFileReference; lastKnownFileType = sourcecode.swift; path = GlobalTableViewDelegate.swift; sourceTree = "<group>"; };
		0C59AE4B2518F0C900127770 /* CountriesFlow.swift */ = {isa = PBXFileReference; fileEncoding = 4; lastKnownFileType = sourcecode.swift; path = CountriesFlow.swift; sourceTree = "<group>"; };
		0C59AE4D2518F0C900127770 /* CountriesPresenter.swift */ = {isa = PBXFileReference; fileEncoding = 4; lastKnownFileType = sourcecode.swift; path = CountriesPresenter.swift; sourceTree = "<group>"; };
		0C59AE4E2518F0C900127770 /* CountriesProtocol.swift */ = {isa = PBXFileReference; fileEncoding = 4; lastKnownFileType = sourcecode.swift; path = CountriesProtocol.swift; sourceTree = "<group>"; };
		0C59AE502518F0C900127770 /* CountriesTableViewDelegate.swift */ = {isa = PBXFileReference; fileEncoding = 4; lastKnownFileType = sourcecode.swift; path = CountriesTableViewDelegate.swift; sourceTree = "<group>"; };
		0C59AE512518F0C900127770 /* CountriesViewController.swift */ = {isa = PBXFileReference; fileEncoding = 4; lastKnownFileType = sourcecode.swift; path = CountriesViewController.swift; sourceTree = "<group>"; };
		0C59AE532518F0C900127770 /* CountryCell.xib */ = {isa = PBXFileReference; fileEncoding = 4; lastKnownFileType = file.xib; path = CountryCell.xib; sourceTree = "<group>"; };
		0C59AE542518F0C900127770 /* CountryCell.swift */ = {isa = PBXFileReference; fileEncoding = 4; lastKnownFileType = sourcecode.swift; path = CountryCell.swift; sourceTree = "<group>"; };
		0C59AE552518F0C900127770 /* Countries.storyboard */ = {isa = PBXFileReference; fileEncoding = 4; lastKnownFileType = file.storyboard; path = Countries.storyboard; sourceTree = "<group>"; };
		0C59AE572518F0C900127770 /* CountriesInteractor.swift */ = {isa = PBXFileReference; fileEncoding = 4; lastKnownFileType = sourcecode.swift; path = CountriesInteractor.swift; sourceTree = "<group>"; };
		0C59AE592518F0C900127770 /* CountriesBuilder.swift */ = {isa = PBXFileReference; fileEncoding = 4; lastKnownFileType = sourcecode.swift; path = CountriesBuilder.swift; sourceTree = "<group>"; };
		0C6707B1252205B200156C29 /* GlobalInteractorTest.swift */ = {isa = PBXFileReference; lastKnownFileType = sourcecode.swift; path = GlobalInteractorTest.swift; sourceTree = "<group>"; };
		0C6707B7252205C600156C29 /* GlobalPresenterTest.swift */ = {isa = PBXFileReference; lastKnownFileType = sourcecode.swift; path = GlobalPresenterTest.swift; sourceTree = "<group>"; };
		0C6707BB252205DC00156C29 /* GlobalViewControllerTest.swift */ = {isa = PBXFileReference; lastKnownFileType = sourcecode.swift; path = GlobalViewControllerTest.swift; sourceTree = "<group>"; };
		0C6707C62522084400156C29 /* GlobalInteractorProtocolSpy.swift */ = {isa = PBXFileReference; lastKnownFileType = sourcecode.swift; path = GlobalInteractorProtocolSpy.swift; sourceTree = "<group>"; };
		0C6707CA2522116800156C29 /* TableViewSpy.swift */ = {isa = PBXFileReference; lastKnownFileType = sourcecode.swift; path = TableViewSpy.swift; sourceTree = "<group>"; };
		0CA394A7251225D00083897E /* Covid19App.app */ = {isa = PBXFileReference; explicitFileType = wrapper.application; includeInIndex = 0; path = Covid19App.app; sourceTree = BUILT_PRODUCTS_DIR; };
		0CA394AA251225D00083897E /* AppDelegate.swift */ = {isa = PBXFileReference; lastKnownFileType = sourcecode.swift; path = AppDelegate.swift; sourceTree = "<group>"; };
		0CA394AC251225D00083897E /* SceneDelegate.swift */ = {isa = PBXFileReference; lastKnownFileType = sourcecode.swift; path = SceneDelegate.swift; sourceTree = "<group>"; };
		0CA394B3251225D20083897E /* Assets.xcassets */ = {isa = PBXFileReference; lastKnownFileType = folder.assetcatalog; path = Assets.xcassets; sourceTree = "<group>"; };
		0CA394B6251225D20083897E /* Base */ = {isa = PBXFileReference; lastKnownFileType = file.storyboard; name = Base; path = Base.lproj/LaunchScreen.storyboard; sourceTree = "<group>"; };
		0CA394B8251225D20083897E /* Info.plist */ = {isa = PBXFileReference; lastKnownFileType = text.plist.xml; path = Info.plist; sourceTree = "<group>"; };
		0CA394C825122A230083897E /* Endpoint.swift */ = {isa = PBXFileReference; fileEncoding = 4; lastKnownFileType = sourcecode.swift; path = Endpoint.swift; sourceTree = "<group>"; };
		0CA394C925122A230083897E /* UrlBuilder.swift */ = {isa = PBXFileReference; fileEncoding = 4; lastKnownFileType = sourcecode.swift; path = UrlBuilder.swift; sourceTree = "<group>"; };
		0CA394CA25122A230083897E /* APIClient.swift */ = {isa = PBXFileReference; fileEncoding = 4; lastKnownFileType = sourcecode.swift; path = APIClient.swift; sourceTree = "<group>"; };
		0CA394CB25122A230083897E /* APIRequest.swift */ = {isa = PBXFileReference; fileEncoding = 4; lastKnownFileType = sourcecode.swift; path = APIRequest.swift; sourceTree = "<group>"; };
		0CA394CC25122A230083897E /* CommonError.swift */ = {isa = PBXFileReference; fileEncoding = 4; lastKnownFileType = sourcecode.swift; path = CommonError.swift; sourceTree = "<group>"; };
		0CA394CD25122A230083897E /* RequestExecutor.swift */ = {isa = PBXFileReference; fileEncoding = 4; lastKnownFileType = sourcecode.swift; path = RequestExecutor.swift; sourceTree = "<group>"; };
		0CA394CE25122A230083897E /* HTTPMethod.swift */ = {isa = PBXFileReference; fileEncoding = 4; lastKnownFileType = sourcecode.swift; path = HTTPMethod.swift; sourceTree = "<group>"; };
		0CA394DD25123C070083897E /* MainBuilder.swift */ = {isa = PBXFileReference; lastKnownFileType = sourcecode.swift; path = MainBuilder.swift; sourceTree = "<group>"; };
		0CA394DF25123C2E0083897E /* ModuleBuilder.swift */ = {isa = PBXFileReference; lastKnownFileType = sourcecode.swift; path = ModuleBuilder.swift; sourceTree = "<group>"; };
		0CA394E225123C5A0083897E /* MainTabBarViewController.swift */ = {isa = PBXFileReference; lastKnownFileType = sourcecode.swift; path = MainTabBarViewController.swift; sourceTree = "<group>"; };
		0CA394E4251245280083897E /* CaseModel.swift */ = {isa = PBXFileReference; lastKnownFileType = sourcecode.swift; path = CaseModel.swift; sourceTree = "<group>"; };
		0CA394E6251247B50083897E /* GlobalCasesModel.swift */ = {isa = PBXFileReference; lastKnownFileType = sourcecode.swift; path = GlobalCasesModel.swift; sourceTree = "<group>"; };
		0CA394E9251248810083897E /* CaseService.swift */ = {isa = PBXFileReference; lastKnownFileType = sourcecode.swift; path = CaseService.swift; sourceTree = "<group>"; };
		0CA394EB25124A0B0083897E /* AllCasesRequest.swift */ = {isa = PBXFileReference; lastKnownFileType = sourcecode.swift; path = AllCasesRequest.swift; sourceTree = "<group>"; };
		0CA394ED25124C900083897E /* CountiesCasesRequest.swift */ = {isa = PBXFileReference; lastKnownFileType = sourcecode.swift; path = CountiesCasesRequest.swift; sourceTree = "<group>"; };
		0CC832A72513AD9500DE4F74 /* UIViewController+Extensions.swift */ = {isa = PBXFileReference; lastKnownFileType = sourcecode.swift; path = "UIViewController+Extensions.swift"; sourceTree = "<group>"; };
		0CC832A92513AE1300DE4F74 /* BaseViewController.swift */ = {isa = PBXFileReference; lastKnownFileType = sourcecode.swift; path = BaseViewController.swift; sourceTree = "<group>"; };
		0CC832AE2513AE8100DE4F74 /* LoadingViewController.swift */ = {isa = PBXFileReference; lastKnownFileType = sourcecode.swift; path = LoadingViewController.swift; sourceTree = "<group>"; };
		0CC832B02513AEA100DE4F74 /* LoadingBuilder.swift */ = {isa = PBXFileReference; lastKnownFileType = sourcecode.swift; path = LoadingBuilder.swift; sourceTree = "<group>"; };
		0CD9F8732520C99B004DB703 /* Covid19AppTests.xctest */ = {isa = PBXFileReference; explicitFileType = wrapper.cfbundle; includeInIndex = 0; path = Covid19AppTests.xctest; sourceTree = BUILT_PRODUCTS_DIR; };
		0CD9F8852520CA22004DB703 /* XCTestCase.swift */ = {isa = PBXFileReference; lastKnownFileType = sourcecode.swift; path = XCTestCase.swift; sourceTree = "<group>"; };
		0CD9F88B2520CACC004DB703 /* globalcase.json */ = {isa = PBXFileReference; lastKnownFileType = text.json; path = globalcase.json; sourceTree = "<group>"; };
		0CD9F88F2520CB14004DB703 /* GlobalModelCaseTests.swift */ = {isa = PBXFileReference; lastKnownFileType = sourcecode.swift; path = GlobalModelCaseTests.swift; sourceTree = "<group>"; };
		0CD9F8932520CE55004DB703 /* Info.plist */ = {isa = PBXFileReference; fileEncoding = 4; lastKnownFileType = text.plist.xml; path = Info.plist; sourceTree = "<group>"; };
/* End PBXFileReference section */

/* Begin PBXFrameworksBuildPhase section */
		0CA394A4251225D00083897E /* Frameworks */ = {
			isa = PBXFrameworksBuildPhase;
			buildActionMask = 2147483647;
			files = (
			);
			runOnlyForDeploymentPostprocessing = 0;
		};
		0CD9F8702520C99B004DB703 /* Frameworks */ = {
			isa = PBXFrameworksBuildPhase;
			buildActionMask = 2147483647;
			files = (
			);
			runOnlyForDeploymentPostprocessing = 0;
		};
/* End PBXFrameworksBuildPhase section */

/* Begin PBXGroup section */
		0C22E75E25129FF4000773FD /* Global */ = {
			isa = PBXGroup;
			children = (
				0C22E7632512A05C000773FD /* GlobalFlow.swift */,
				0C22E7652512A072000773FD /* GlobalProtocol.swift */,
				0C22E75F2512A01A000773FD /* Builder */,
				0C22E7602512A025000773FD /* Business Logic */,
				0C22E7612512A036000773FD /* Presentation Logic */,
				0C22E7622512A043000773FD /* View */,
			);
			path = Global;
			sourceTree = "<group>";
		};
		0C22E75F2512A01A000773FD /* Builder */ = {
			isa = PBXGroup;
			children = (
				0C22E7672512A093000773FD /* GlobalBuilder.swift */,
			);
			path = Builder;
			sourceTree = "<group>";
		};
		0C22E7602512A025000773FD /* Business Logic */ = {
			isa = PBXGroup;
			children = (
				0C22E7692512A2B7000773FD /* GlobalInteractor.swift */,
			);
			path = "Business Logic";
			sourceTree = "<group>";
		};
		0C22E7612512A036000773FD /* Presentation Logic */ = {
			isa = PBXGroup;
			children = (
				0C22E76B2512A344000773FD /* GlobalPresenter.swift */,
			);
			path = "Presentation Logic";
			sourceTree = "<group>";
		};
		0C22E7622512A043000773FD /* View */ = {
			isa = PBXGroup;
			children = (
				0C22E7712512A5E5000773FD /* Cell */,
				0C22E76D2512A44B000773FD /* GlobalViewController.swift */,
				0C22E76F2512A51E000773FD /* Global.storyboard */,
				0C22E7782512AA8E000773FD /* GlobalTableViewDelegate.swift */,
			);
			path = View;
			sourceTree = "<group>";
		};
		0C22E7712512A5E5000773FD /* Cell */ = {
			isa = PBXGroup;
			children = (
				0C22E7722512A609000773FD /* GlobalCell.swift */,
				0C22E7742512A674000773FD /* GlobalCell.xib */,
			);
			path = Cell;
			sourceTree = "<group>";
		};
		0C59AE4A2518F0C900127770 /* Countries */ = {
			isa = PBXGroup;
			children = (
				0C59AE4B2518F0C900127770 /* CountriesFlow.swift */,
				0C59AE4E2518F0C900127770 /* CountriesProtocol.swift */,
				0C59AE582518F0C900127770 /* Builder */,
				0C59AE562518F0C900127770 /* Business Logic */,
				0C59AE4C2518F0C900127770 /* Presentation Logic */,
				0C59AE4F2518F0C900127770 /* View */,
			);
			path = Countries;
			sourceTree = "<group>";
		};
		0C59AE4C2518F0C900127770 /* Presentation Logic */ = {
			isa = PBXGroup;
			children = (
				0C59AE4D2518F0C900127770 /* CountriesPresenter.swift */,
			);
			path = "Presentation Logic";
			sourceTree = "<group>";
		};
		0C59AE4F2518F0C900127770 /* View */ = {
			isa = PBXGroup;
			children = (
				0C59AE522518F0C900127770 /* Cell */,
				0C59AE502518F0C900127770 /* CountriesTableViewDelegate.swift */,
				0C59AE512518F0C900127770 /* CountriesViewController.swift */,
				0C59AE552518F0C900127770 /* Countries.storyboard */,
			);
			path = View;
			sourceTree = "<group>";
		};
		0C59AE522518F0C900127770 /* Cell */ = {
			isa = PBXGroup;
			children = (
				0C59AE532518F0C900127770 /* CountryCell.xib */,
				0C59AE542518F0C900127770 /* CountryCell.swift */,
			);
			path = Cell;
			sourceTree = "<group>";
		};
		0C59AE562518F0C900127770 /* Business Logic */ = {
			isa = PBXGroup;
			children = (
				0C59AE572518F0C900127770 /* CountriesInteractor.swift */,
			);
			path = "Business Logic";
			sourceTree = "<group>";
		};
		0C59AE582518F0C900127770 /* Builder */ = {
			isa = PBXGroup;
			children = (
				0C59AE592518F0C900127770 /* CountriesBuilder.swift */,
			);
			path = Builder;
			sourceTree = "<group>";
		};
		0C6707AF2522057200156C29 /* Scenes */ = {
			isa = PBXGroup;
			children = (
				0C6707B02522059300156C29 /* Global */,
			);
			path = Scenes;
			sourceTree = "<group>";
		};
		0C6707B02522059300156C29 /* Global */ = {
			isa = PBXGroup;
			children = (
				0C6707C1252205F100156C29 /* Bisiness Logic */,
				0C6707C0252205E700156C29 /* Presentation Logic */,
				0C6707BF252205E100156C29 /* View */,
				0C6707C22522067800156C29 /* TestDoubles */,
			);
			path = Global;
			sourceTree = "<group>";
		};
		0C6707BF252205E100156C29 /* View */ = {
			isa = PBXGroup;
			children = (
				0C6707BB252205DC00156C29 /* GlobalViewControllerTest.swift */,
			);
			path = View;
			sourceTree = "<group>";
		};
		0C6707C0252205E700156C29 /* Presentation Logic */ = {
			isa = PBXGroup;
			children = (
				0C6707B7252205C600156C29 /* GlobalPresenterTest.swift */,
			);
			path = "Presentation Logic";
			sourceTree = "<group>";
		};
		0C6707C1252205F100156C29 /* Bisiness Logic */ = {
			isa = PBXGroup;
			children = (
				0C6707B1252205B200156C29 /* GlobalInteractorTest.swift */,
			);
			path = "Bisiness Logic";
			sourceTree = "<group>";
		};
		0C6707C22522067800156C29 /* TestDoubles */ = {
			isa = PBXGroup;
			children = (
				0C6707C3252206BB00156C29 /* Spies */,
			);
			path = TestDoubles;
			sourceTree = "<group>";
		};
		0C6707C3252206BB00156C29 /* Spies */ = {
			isa = PBXGroup;
			children = (
				0C6707C62522084400156C29 /* GlobalInteractorProtocolSpy.swift */,
				0C6707CA2522116800156C29 /* TableViewSpy.swift */,
			);
			path = Spies;
			sourceTree = "<group>";
		};
		0CA3949E251225D00083897E = {
			isa = PBXGroup;
			children = (
				0CA394A9251225D00083897E /* Covid19App */,
				0CD9F8742520C99B004DB703 /* Covid19AppTests */,
				0CA394A8251225D00083897E /* Products */,
			);
			sourceTree = "<group>";
		};
		0CA394A8251225D00083897E /* Products */ = {
			isa = PBXGroup;
			children = (
				0CA394A7251225D00083897E /* Covid19App.app */,
				0CD9F8732520C99B004DB703 /* Covid19AppTests.xctest */,
			);
			name = Products;
			sourceTree = "<group>";
		};
		0CA394A9251225D00083897E /* Covid19App */ = {
			isa = PBXGroup;
			children = (
				0CC832A62513AD7E00DE4F74 /* Extensions */,
				0CA394E8251248670083897E /* Services */,
				0CA394C4251229AA0083897E /* Data */,
				0CA394C32512299B0083897E /* Common */,
				0CA394C2251229900083897E /* Network */,
				0CA394C1251229810083897E /* Scenes */,
				0CA394C0251227910083897E /* Resources */,
				0CA394BE251226300083897E /* Application */,
			);
			path = Covid19App;
			sourceTree = "<group>";
		};
		0CA394BE251226300083897E /* Application */ = {
			isa = PBXGroup;
			children = (
				0CA394AA251225D00083897E /* AppDelegate.swift */,
				0CA394B8251225D20083897E /* Info.plist */,
				0CA394AC251225D00083897E /* SceneDelegate.swift */,
			);
			name = Application;
			sourceTree = "<group>";
		};
		0CA394C0251227910083897E /* Resources */ = {
			isa = PBXGroup;
			children = (
				0CA394B5251225D20083897E /* LaunchScreen.storyboard */,
				0CA394B3251225D20083897E /* Assets.xcassets */,
			);
			path = Resources;
			sourceTree = "<group>";
		};
		0CA394C1251229810083897E /* Scenes */ = {
			isa = PBXGroup;
			children = (
				0C59AE4A2518F0C900127770 /* Countries */,
				0CC832AB2513AE5900DE4F74 /* Loading */,
				0C22E75E25129FF4000773FD /* Global */,
				0CA394D825123B310083897E /* Main */,
			);
			path = Scenes;
			sourceTree = "<group>";
		};
		0CA394C2251229900083897E /* Network */ = {
			isa = PBXGroup;
			children = (
				0CA394C525122A230083897E /* RequestData */,
				0CA394CA25122A230083897E /* APIClient.swift */,
				0CA394CB25122A230083897E /* APIRequest.swift */,
				0CA394CC25122A230083897E /* CommonError.swift */,
				0CA394C825122A230083897E /* Endpoint.swift */,
				0CA394CE25122A230083897E /* HTTPMethod.swift */,
				0CA394CD25122A230083897E /* RequestExecutor.swift */,
				0CA394C925122A230083897E /* UrlBuilder.swift */,
			);
			path = Network;
			sourceTree = "<group>";
		};
		0CA394C32512299B0083897E /* Common */ = {
			isa = PBXGroup;
			children = (
				0CA394DF25123C2E0083897E /* ModuleBuilder.swift */,
				0CC832A92513AE1300DE4F74 /* BaseViewController.swift */,
				0C100F29251CC53400AD8F34 /* FormatUtil.swift */,
			);
			path = Common;
			sourceTree = "<group>";
		};
		0CA394C4251229AA0083897E /* Data */ = {
			isa = PBXGroup;
			children = (
				0CA394E4251245280083897E /* CaseModel.swift */,
				0CA394E6251247B50083897E /* GlobalCasesModel.swift */,
			);
			path = Data;
			sourceTree = "<group>";
		};
		0CA394C525122A230083897E /* RequestData */ = {
			isa = PBXGroup;
			children = (
				0CA394EB25124A0B0083897E /* AllCasesRequest.swift */,
				0CA394ED25124C900083897E /* CountiesCasesRequest.swift */,
			);
			path = RequestData;
			sourceTree = "<group>";
		};
		0CA394D825123B310083897E /* Main */ = {
			isa = PBXGroup;
			children = (
				0CA394E125123C4E0083897E /* View */,
				0CA394DC25123B6A0083897E /* Builder */,
			);
			path = Main;
			sourceTree = "<group>";
		};
		0CA394DC25123B6A0083897E /* Builder */ = {
			isa = PBXGroup;
			children = (
				0CA394DD25123C070083897E /* MainBuilder.swift */,
			);
			path = Builder;
			sourceTree = "<group>";
		};
		0CA394E125123C4E0083897E /* View */ = {
			isa = PBXGroup;
			children = (
				0CA394E225123C5A0083897E /* MainTabBarViewController.swift */,
			);
			path = View;
			sourceTree = "<group>";
		};
		0CA394E8251248670083897E /* Services */ = {
			isa = PBXGroup;
			children = (
				0CA394E9251248810083897E /* CaseService.swift */,
			);
			path = Services;
			sourceTree = "<group>";
		};
		0CC832A62513AD7E00DE4F74 /* Extensions */ = {
			isa = PBXGroup;
			children = (
				0CC832A72513AD9500DE4F74 /* UIViewController+Extensions.swift */,
			);
			path = Extensions;
			sourceTree = "<group>";
		};
		0CC832AB2513AE5900DE4F74 /* Loading */ = {
			isa = PBXGroup;
			children = (
				0CC832AD2513AE6700DE4F74 /* Builder */,
				0CC832AC2513AE6100DE4F74 /* View */,
			);
			path = Loading;
			sourceTree = "<group>";
		};
		0CC832AC2513AE6100DE4F74 /* View */ = {
			isa = PBXGroup;
			children = (
				0CC832AE2513AE8100DE4F74 /* LoadingViewController.swift */,
			);
			path = View;
			sourceTree = "<group>";
		};
		0CC832AD2513AE6700DE4F74 /* Builder */ = {
			isa = PBXGroup;
			children = (
				0CC832B02513AEA100DE4F74 /* LoadingBuilder.swift */,
			);
			path = Builder;
			sourceTree = "<group>";
		};
		0CD9F8742520C99B004DB703 /* Covid19AppTests */ = {
			isa = PBXGroup;
			children = (
				0CD9F87F2520C9B3004DB703 /* Extentions */,
				0CD9F8802520C9BF004DB703 /* Stubs */,
				0CD9F8812520C9CE004DB703 /* Supporting Files */,
				0CD9F8822520C9D9004DB703 /* TestCases */,
			);
			path = Covid19AppTests;
			sourceTree = "<group>";
		};
		0CD9F87F2520C9B3004DB703 /* Extentions */ = {
			isa = PBXGroup;
			children = (
				0CD9F8852520CA22004DB703 /* XCTestCase.swift */,
			);
			path = Extentions;
			sourceTree = "<group>";
		};
		0CD9F8802520C9BF004DB703 /* Stubs */ = {
			isa = PBXGroup;
			children = (
				0CD9F88B2520CACC004DB703 /* globalcase.json */,
			);
			path = Stubs;
			sourceTree = "<group>";
		};
		0CD9F8812520C9CE004DB703 /* Supporting Files */ = {
			isa = PBXGroup;
			children = (
				0CD9F8932520CE55004DB703 /* Info.plist */,
			);
			path = "Supporting Files";
			sourceTree = "<group>";
		};
		0CD9F8822520C9D9004DB703 /* TestCases */ = {
			isa = PBXGroup;
			children = (
				0C6707AF2522057200156C29 /* Scenes */,
				0CD9F88F2520CB14004DB703 /* GlobalModelCaseTests.swift */,
			);
			path = TestCases;
			sourceTree = "<group>";
		};
/* End PBXGroup section */

/* Begin PBXNativeTarget section */
		0CA394A6251225D00083897E /* Covid19App */ = {
			isa = PBXNativeTarget;
			buildConfigurationList = 0CA394BB251225D20083897E /* Build configuration list for PBXNativeTarget "Covid19App" */;
			buildPhases = (
				0CA394A3251225D00083897E /* Sources */,
				0CA394A4251225D00083897E /* Frameworks */,
				0CA394A5251225D00083897E /* Resources */,
			);
			buildRules = (
			);
			dependencies = (
			);
			name = Covid19App;
			productName = Covid19App;
			productReference = 0CA394A7251225D00083897E /* Covid19App.app */;
			productType = "com.apple.product-type.application";
		};
		0CD9F8722520C99B004DB703 /* Covid19AppTests */ = {
			isa = PBXNativeTarget;
			buildConfigurationList = 0CD9F87C2520C99B004DB703 /* Build configuration list for PBXNativeTarget "Covid19AppTests" */;
			buildPhases = (
				0CD9F86F2520C99B004DB703 /* Sources */,
				0CD9F8702520C99B004DB703 /* Frameworks */,
				0CD9F8712520C99B004DB703 /* Resources */,
			);
			buildRules = (
			);
			dependencies = (
				0CD9F8792520C99B004DB703 /* PBXTargetDependency */,
			);
			name = Covid19AppTests;
			productName = Covid19AppTests;
			productReference = 0CD9F8732520C99B004DB703 /* Covid19AppTests.xctest */;
			productType = "com.apple.product-type.bundle.unit-test";
		};
/* End PBXNativeTarget section */

/* Begin PBXProject section */
		0CA3949F251225D00083897E /* Project object */ = {
			isa = PBXProject;
			attributes = {
				LastSwiftUpdateCheck = 1200;
				LastUpgradeCheck = 1200;
				ORGANIZATIONNAME = covid19app;
				TargetAttributes = {
					0CA394A6251225D00083897E = {
						CreatedOnToolsVersion = 11.7;
					};
					0CD9F8722520C99B004DB703 = {
						CreatedOnToolsVersion = 12.0;
						TestTargetID = 0CA394A6251225D00083897E;
					};
				};
			};
			buildConfigurationList = 0CA394A2251225D00083897E /* Build configuration list for PBXProject "Covid19App" */;
			compatibilityVersion = "Xcode 9.3";
			developmentRegion = en;
			hasScannedForEncodings = 0;
			knownRegions = (
				en,
				Base,
			);
			mainGroup = 0CA3949E251225D00083897E;
			productRefGroup = 0CA394A8251225D00083897E /* Products */;
			projectDirPath = "";
			projectRoot = "";
			targets = (
				0CA394A6251225D00083897E /* Covid19App */,
				0CD9F8722520C99B004DB703 /* Covid19AppTests */,
			);
		};
/* End PBXProject section */

/* Begin PBXResourcesBuildPhase section */
		0CA394A5251225D00083897E /* Resources */ = {
			isa = PBXResourcesBuildPhase;
			buildActionMask = 2147483647;
			files = (
				0C59AE5F2518F0C900127770 /* CountryCell.xib in Resources */,
				0CA394B7251225D20083897E /* LaunchScreen.storyboard in Resources */,
				0C22E7702512A51E000773FD /* Global.storyboard in Resources */,
				0CA394B4251225D20083897E /* Assets.xcassets in Resources */,
				0C22E7752512A674000773FD /* GlobalCell.xib in Resources */,
				0C59AE612518F0C900127770 /* Countries.storyboard in Resources */,
			);
			runOnlyForDeploymentPostprocessing = 0;
		};
		0CD9F8712520C99B004DB703 /* Resources */ = {
			isa = PBXResourcesBuildPhase;
			buildActionMask = 2147483647;
			files = (
				0CD9F88C2520CACC004DB703 /* globalcase.json in Resources */,
			);
			runOnlyForDeploymentPostprocessing = 0;
		};
/* End PBXResourcesBuildPhase section */

/* Begin PBXSourcesBuildPhase section */
		0CA394A3251225D00083897E /* Sources */ = {
			isa = PBXSourcesBuildPhase;
			buildActionMask = 2147483647;
			files = (
				0C59AE5A2518F0C900127770 /* CountriesFlow.swift in Sources */,
				0CA394AB251225D00083897E /* AppDelegate.swift in Sources */,
				0CA394D325122A230083897E /* APIClient.swift in Sources */,
				0CC832AF2513AE8100DE4F74 /* LoadingViewController.swift in Sources */,
				0C22E76A2512A2B7000773FD /* GlobalInteractor.swift in Sources */,
				0C22E7732512A609000773FD /* GlobalCell.swift in Sources */,
				0C59AE5B2518F0C900127770 /* CountriesPresenter.swift in Sources */,
				0C59AE602518F0C900127770 /* CountryCell.swift in Sources */,
				0C59AE5E2518F0C900127770 /* CountriesViewController.swift in Sources */,
				0CC832B12513AEA100DE4F74 /* LoadingBuilder.swift in Sources */,
				0CC832AA2513AE1300DE4F74 /* BaseViewController.swift in Sources */,
				0C22E76C2512A344000773FD /* GlobalPresenter.swift in Sources */,
				0CA394DE25123C070083897E /* MainBuilder.swift in Sources */,
				0CA394E7251247B50083897E /* GlobalCasesModel.swift in Sources */,
				0CA394D625122A230083897E /* RequestExecutor.swift in Sources */,
				0C22E7642512A05C000773FD /* GlobalFlow.swift in Sources */,
				0CA394D525122A230083897E /* CommonError.swift in Sources */,
				0C59AE5D2518F0C900127770 /* CountriesTableViewDelegate.swift in Sources */,
				0C100F2A251CC53400AD8F34 /* FormatUtil.swift in Sources */,
				0CA394D125122A230083897E /* Endpoint.swift in Sources */,
				0CA394EC25124A0B0083897E /* AllCasesRequest.swift in Sources */,
				0C22E7662512A072000773FD /* GlobalProtocol.swift in Sources */,
				0C22E76E2512A44B000773FD /* GlobalViewController.swift in Sources */,
				0CA394E325123C5A0083897E /* MainTabBarViewController.swift in Sources */,
				0C22E7682512A093000773FD /* GlobalBuilder.swift in Sources */,
				0CA394EE25124C900083897E /* CountiesCasesRequest.swift in Sources */,
				0CA394EA251248810083897E /* CaseService.swift in Sources */,
				0CA394D725122A230083897E /* HTTPMethod.swift in Sources */,
				0CA394E5251245280083897E /* CaseModel.swift in Sources */,
				0C59AE5C2518F0C900127770 /* CountriesProtocol.swift in Sources */,
				0C59AE632518F0C900127770 /* CountriesBuilder.swift in Sources */,
				0C22E7792512AA8E000773FD /* GlobalTableViewDelegate.swift in Sources */,
				0C59AE622518F0C900127770 /* CountriesInteractor.swift in Sources */,
				0CC832A82513AD9500DE4F74 /* UIViewController+Extensions.swift in Sources */,
				0CA394D225122A230083897E /* UrlBuilder.swift in Sources */,
				0CA394D425122A230083897E /* APIRequest.swift in Sources */,
				0CA394AD251225D00083897E /* SceneDelegate.swift in Sources */,
				0CA394E025123C2E0083897E /* ModuleBuilder.swift in Sources */,
			);
			runOnlyForDeploymentPostprocessing = 0;
		};
		0CD9F86F2520C99B004DB703 /* Sources */ = {
			isa = PBXSourcesBuildPhase;
			buildActionMask = 2147483647;
			files = (
				0CD9F8862520CA22004DB703 /* XCTestCase.swift in Sources */,
				0C6707BC252205DC00156C29 /* GlobalViewControllerTest.swift in Sources */,
				0C6707B8252205C600156C29 /* GlobalPresenterTest.swift in Sources */,
				0C6707B2252205B200156C29 /* GlobalInteractorTest.swift in Sources */,
				0C6707C72522084400156C29 /* GlobalInteractorProtocolSpy.swift in Sources */,
				0C6707CB2522116800156C29 /* TableViewSpy.swift in Sources */,
				0CD9F8902520CB14004DB703 /* GlobalModelCaseTests.swift in Sources */,
			);
			runOnlyForDeploymentPostprocessing = 0;
		};
/* End PBXSourcesBuildPhase section */

/* Begin PBXTargetDependency section */
		0CD9F8792520C99B004DB703 /* PBXTargetDependency */ = {
			isa = PBXTargetDependency;
			target = 0CA394A6251225D00083897E /* Covid19App */;
			targetProxy = 0CD9F8782520C99B004DB703 /* PBXContainerItemProxy */;
		};
/* End PBXTargetDependency section */

/* Begin PBXVariantGroup section */
		0CA394B5251225D20083897E /* LaunchScreen.storyboard */ = {
			isa = PBXVariantGroup;
			children = (
				0CA394B6251225D20083897E /* Base */,
			);
			name = LaunchScreen.storyboard;
			sourceTree = "<group>";
		};
/* End PBXVariantGroup section */

/* Begin XCBuildConfiguration section */
		0CA394B9251225D20083897E /* Debug */ = {
			isa = XCBuildConfiguration;
			buildSettings = {
				ALWAYS_SEARCH_USER_PATHS = NO;
				CLANG_ANALYZER_NONNULL = YES;
				CLANG_ANALYZER_NUMBER_OBJECT_CONVERSION = YES_AGGRESSIVE;
				CLANG_CXX_LANGUAGE_STANDARD = "gnu++14";
				CLANG_CXX_LIBRARY = "libc++";
				CLANG_ENABLE_MODULES = YES;
				CLANG_ENABLE_OBJC_ARC = YES;
				CLANG_ENABLE_OBJC_WEAK = YES;
				CLANG_WARN_BLOCK_CAPTURE_AUTORELEASING = YES;
				CLANG_WARN_BOOL_CONVERSION = YES;
				CLANG_WARN_COMMA = YES;
				CLANG_WARN_CONSTANT_CONVERSION = YES;
				CLANG_WARN_DEPRECATED_OBJC_IMPLEMENTATIONS = YES;
				CLANG_WARN_DIRECT_OBJC_ISA_USAGE = YES_ERROR;
				CLANG_WARN_DOCUMENTATION_COMMENTS = YES;
				CLANG_WARN_EMPTY_BODY = YES;
				CLANG_WARN_ENUM_CONVERSION = YES;
				CLANG_WARN_INFINITE_RECURSION = YES;
				CLANG_WARN_INT_CONVERSION = YES;
				CLANG_WARN_NON_LITERAL_NULL_CONVERSION = YES;
				CLANG_WARN_OBJC_IMPLICIT_RETAIN_SELF = YES;
				CLANG_WARN_OBJC_LITERAL_CONVERSION = YES;
				CLANG_WARN_OBJC_ROOT_CLASS = YES_ERROR;
				CLANG_WARN_QUOTED_INCLUDE_IN_FRAMEWORK_HEADER = YES;
				CLANG_WARN_RANGE_LOOP_ANALYSIS = YES;
				CLANG_WARN_STRICT_PROTOTYPES = YES;
				CLANG_WARN_SUSPICIOUS_MOVE = YES;
				CLANG_WARN_UNGUARDED_AVAILABILITY = YES_AGGRESSIVE;
				CLANG_WARN_UNREACHABLE_CODE = YES;
				CLANG_WARN__DUPLICATE_METHOD_MATCH = YES;
				COPY_PHASE_STRIP = NO;
				DEBUG_INFORMATION_FORMAT = dwarf;
				ENABLE_STRICT_OBJC_MSGSEND = YES;
				ENABLE_TESTABILITY = YES;
				GCC_C_LANGUAGE_STANDARD = gnu11;
				GCC_DYNAMIC_NO_PIC = NO;
				GCC_NO_COMMON_BLOCKS = YES;
				GCC_OPTIMIZATION_LEVEL = 0;
				GCC_PREPROCESSOR_DEFINITIONS = (
					"DEBUG=1",
					"$(inherited)",
				);
				GCC_WARN_64_TO_32_BIT_CONVERSION = YES;
				GCC_WARN_ABOUT_RETURN_TYPE = YES_ERROR;
				GCC_WARN_UNDECLARED_SELECTOR = YES;
				GCC_WARN_UNINITIALIZED_AUTOS = YES_AGGRESSIVE;
				GCC_WARN_UNUSED_FUNCTION = YES;
				GCC_WARN_UNUSED_VARIABLE = YES;
				IPHONEOS_DEPLOYMENT_TARGET = 13.7;
				MTL_ENABLE_DEBUG_INFO = INCLUDE_SOURCE;
				MTL_FAST_MATH = YES;
				ONLY_ACTIVE_ARCH = YES;
				SDKROOT = iphoneos;
				SWIFT_ACTIVE_COMPILATION_CONDITIONS = DEBUG;
				SWIFT_OPTIMIZATION_LEVEL = "-Onone";
			};
			name = Debug;
		};
		0CA394BA251225D20083897E /* Release */ = {
			isa = XCBuildConfiguration;
			buildSettings = {
				ALWAYS_SEARCH_USER_PATHS = NO;
				CLANG_ANALYZER_NONNULL = YES;
				CLANG_ANALYZER_NUMBER_OBJECT_CONVERSION = YES_AGGRESSIVE;
				CLANG_CXX_LANGUAGE_STANDARD = "gnu++14";
				CLANG_CXX_LIBRARY = "libc++";
				CLANG_ENABLE_MODULES = YES;
				CLANG_ENABLE_OBJC_ARC = YES;
				CLANG_ENABLE_OBJC_WEAK = YES;
				CLANG_WARN_BLOCK_CAPTURE_AUTORELEASING = YES;
				CLANG_WARN_BOOL_CONVERSION = YES;
				CLANG_WARN_COMMA = YES;
				CLANG_WARN_CONSTANT_CONVERSION = YES;
				CLANG_WARN_DEPRECATED_OBJC_IMPLEMENTATIONS = YES;
				CLANG_WARN_DIRECT_OBJC_ISA_USAGE = YES_ERROR;
				CLANG_WARN_DOCUMENTATION_COMMENTS = YES;
				CLANG_WARN_EMPTY_BODY = YES;
				CLANG_WARN_ENUM_CONVERSION = YES;
				CLANG_WARN_INFINITE_RECURSION = YES;
				CLANG_WARN_INT_CONVERSION = YES;
				CLANG_WARN_NON_LITERAL_NULL_CONVERSION = YES;
				CLANG_WARN_OBJC_IMPLICIT_RETAIN_SELF = YES;
				CLANG_WARN_OBJC_LITERAL_CONVERSION = YES;
				CLANG_WARN_OBJC_ROOT_CLASS = YES_ERROR;
				CLANG_WARN_QUOTED_INCLUDE_IN_FRAMEWORK_HEADER = YES;
				CLANG_WARN_RANGE_LOOP_ANALYSIS = YES;
				CLANG_WARN_STRICT_PROTOTYPES = YES;
				CLANG_WARN_SUSPICIOUS_MOVE = YES;
				CLANG_WARN_UNGUARDED_AVAILABILITY = YES_AGGRESSIVE;
				CLANG_WARN_UNREACHABLE_CODE = YES;
				CLANG_WARN__DUPLICATE_METHOD_MATCH = YES;
				COPY_PHASE_STRIP = NO;
				DEBUG_INFORMATION_FORMAT = "dwarf-with-dsym";
				ENABLE_NS_ASSERTIONS = NO;
				ENABLE_STRICT_OBJC_MSGSEND = YES;
				GCC_C_LANGUAGE_STANDARD = gnu11;
				GCC_NO_COMMON_BLOCKS = YES;
				GCC_WARN_64_TO_32_BIT_CONVERSION = YES;
				GCC_WARN_ABOUT_RETURN_TYPE = YES_ERROR;
				GCC_WARN_UNDECLARED_SELECTOR = YES;
				GCC_WARN_UNINITIALIZED_AUTOS = YES_AGGRESSIVE;
				GCC_WARN_UNUSED_FUNCTION = YES;
				GCC_WARN_UNUSED_VARIABLE = YES;
				IPHONEOS_DEPLOYMENT_TARGET = 13.7;
				MTL_ENABLE_DEBUG_INFO = NO;
				MTL_FAST_MATH = YES;
				SDKROOT = iphoneos;
				SWIFT_COMPILATION_MODE = wholemodule;
				SWIFT_OPTIMIZATION_LEVEL = "-O";
				VALIDATE_PRODUCT = YES;
			};
			name = Release;
		};
		0CA394BC251225D20083897E /* Debug */ = {
			isa = XCBuildConfiguration;
			buildSettings = {
				ASSETCATALOG_COMPILER_APPICON_NAME = AppIcon;
				CODE_SIGN_STYLE = Automatic;
				INFOPLIST_FILE = Covid19App/Info.plist;
				LD_RUNPATH_SEARCH_PATHS = (
					"$(inherited)",
					"@executable_path/Frameworks",
				);
				PRODUCT_BUNDLE_IDENTIFIER = com.covid19app.Covid19App;
				PRODUCT_NAME = "$(TARGET_NAME)";
				SWIFT_VERSION = 5.0;
				TARGETED_DEVICE_FAMILY = 1;
			};
			name = Debug;
		};
		0CA394BD251225D20083897E /* Release */ = {
			isa = XCBuildConfiguration;
			buildSettings = {
				ASSETCATALOG_COMPILER_APPICON_NAME = AppIcon;
				CODE_SIGN_STYLE = Automatic;
				INFOPLIST_FILE = Covid19App/Info.plist;
				LD_RUNPATH_SEARCH_PATHS = (
					"$(inherited)",
					"@executable_path/Frameworks",
				);
				PRODUCT_BUNDLE_IDENTIFIER = com.covid19app.Covid19App;
				PRODUCT_NAME = "$(TARGET_NAME)";
				SWIFT_VERSION = 5.0;
				TARGETED_DEVICE_FAMILY = 1;
			};
			name = Release;
		};
		0CD9F87A2520C99B004DB703 /* Debug */ = {
			isa = XCBuildConfiguration;
			buildSettings = {
				BUNDLE_LOADER = "$(TEST_HOST)";
				CLANG_WARN_QUOTED_INCLUDE_IN_FRAMEWORK_HEADER = YES;
				CODE_SIGN_STYLE = Automatic;
				INFOPLIST_FILE = "Covid19AppTests/Supporting Files/Info.plist";
				IPHONEOS_DEPLOYMENT_TARGET = 14.0;
				LD_RUNPATH_SEARCH_PATHS = (
					"$(inherited)",
					"@executable_path/Frameworks",
					"@loader_path/Frameworks",
				);
				PRODUCT_BUNDLE_IDENTIFIER = com.covid19app.Covid19AppTests;
				PRODUCT_NAME = "$(TARGET_NAME)";
				SWIFT_VERSION = 5.0;
				TARGETED_DEVICE_FAMILY = "1,2";
				TEST_HOST = "$(BUILT_PRODUCTS_DIR)/Covid19App.app/Covid19App";
			};
			name = Debug;
		};
		0CD9F87B2520C99B004DB703 /* Release */ = {
			isa = XCBuildConfiguration;
			buildSettings = {
				BUNDLE_LOADER = "$(TEST_HOST)";
				CLANG_WARN_QUOTED_INCLUDE_IN_FRAMEWORK_HEADER = YES;
				CODE_SIGN_STYLE = Automatic;
				INFOPLIST_FILE = "Covid19AppTests/Supporting Files/Info.plist";
				IPHONEOS_DEPLOYMENT_TARGET = 14.0;
				LD_RUNPATH_SEARCH_PATHS = (
					"$(inherited)",
					"@executable_path/Frameworks",
					"@loader_path/Frameworks",
				);
				PRODUCT_BUNDLE_IDENTIFIER = com.covid19app.Covid19AppTests;
				PRODUCT_NAME = "$(TARGET_NAME)";
				SWIFT_VERSION = 5.0;
				TARGETED_DEVICE_FAMILY = "1,2";
				TEST_HOST = "$(BUILT_PRODUCTS_DIR)/Covid19App.app/Covid19App";
			};
			name = Release;
		};
/* End XCBuildConfiguration section */

/* Begin XCConfigurationList section */
		0CA394A2251225D00083897E /* Build configuration list for PBXProject "Covid19App" */ = {
			isa = XCConfigurationList;
			buildConfigurations = (
				0CA394B9251225D20083897E /* Debug */,
				0CA394BA251225D20083897E /* Release */,
			);
			defaultConfigurationIsVisible = 0;
			defaultConfigurationName = Release;
		};
		0CA394BB251225D20083897E /* Build configuration list for PBXNativeTarget "Covid19App" */ = {
			isa = XCConfigurationList;
			buildConfigurations = (
				0CA394BC251225D20083897E /* Debug */,
				0CA394BD251225D20083897E /* Release */,
			);
			defaultConfigurationIsVisible = 0;
			defaultConfigurationName = Release;
		};
		0CD9F87C2520C99B004DB703 /* Build configuration list for PBXNativeTarget "Covid19AppTests" */ = {
			isa = XCConfigurationList;
			buildConfigurations = (
				0CD9F87A2520C99B004DB703 /* Debug */,
				0CD9F87B2520C99B004DB703 /* Release */,
			);
			defaultConfigurationIsVisible = 0;
			defaultConfigurationName = Release;
		};
/* End XCConfigurationList section */
	};
	rootObject = 0CA3949F251225D00083897E /* Project object */;
}
